// !$*UTF8*$!
{
	archiveVersion = 1;
	classes = {
	};
	objectVersion = 56;
	objects = {

/* Begin PBXBuildFile section */
		3A540C492AB46DFF009AF9E7 /* AppDelegate.swift in Sources */ = {isa = PBXBuildFile; fileRef = 3A540C482AB46DFF009AF9E7 /* AppDelegate.swift */; };
		3A540C4B2AB46DFF009AF9E7 /* SceneDelegate.swift in Sources */ = {isa = PBXBuildFile; fileRef = 3A540C4A2AB46DFF009AF9E7 /* SceneDelegate.swift */; };
		3A540C522AB46E00009AF9E7 /* Assets.xcassets in Resources */ = {isa = PBXBuildFile; fileRef = 3A540C512AB46E00009AF9E7 /* Assets.xcassets */; };
		3A540C552AB46E00009AF9E7 /* LaunchScreen.storyboard in Resources */ = {isa = PBXBuildFile; fileRef = 3A540C532AB46E00009AF9E7 /* LaunchScreen.storyboard */; };
		3A540C632AB483EB009AF9E7 /* VoiceVC.swift in Sources */ = {isa = PBXBuildFile; fileRef = 3A540C622AB483EB009AF9E7 /* VoiceVC.swift */; };
		3A55E8B82ABB3B04008E8EA1 /* ViewManager.swift in Sources */ = {isa = PBXBuildFile; fileRef = 3A55E8B72ABB3B04008E8EA1 /* ViewManager.swift */; };
		3AA2E9372AB56F94007AB9EF /* MainTabBar.swift in Sources */ = {isa = PBXBuildFile; fileRef = 3AA2E9362AB56F94007AB9EF /* MainTabBar.swift */; };
		3AA2E9392AB5719B007AB9EF /* TypeVC.swift in Sources */ = {isa = PBXBuildFile; fileRef = 3AA2E9382AB5719B007AB9EF /* TypeVC.swift */; };
		3AA2E93B2AB59E8C007AB9EF /* VoiceManager.swift in Sources */ = {isa = PBXBuildFile; fileRef = 3AA2E93A2AB59E8C007AB9EF /* VoiceManager.swift */; };
		3AA2E93D2AB5B2D2007AB9EF /* APIManager.swift in Sources */ = {isa = PBXBuildFile; fileRef = 3AA2E93C2AB5B2D2007AB9EF /* APIManager.swift */; };
		3AA2E9652AB8C5CB007AB9EF /* DataManager.swift in Sources */ = {isa = PBXBuildFile; fileRef = 3AA2E9642AB8C5CB007AB9EF /* DataManager.swift */; };
		3AB934212ABC8E2400B585E0 /* Language.swift in Sources */ = {isa = PBXBuildFile; fileRef = 3AB934202ABC8E2400B585E0 /* Language.swift */; };
		3AB934232ABC8E3D00B585E0 /* Translation.swift in Sources */ = {isa = PBXBuildFile; fileRef = 3AB934222ABC8E3D00B585E0 /* Translation.swift */; };
		3AB934262ABD38B400B585E0 /* Response.swift in Sources */ = {isa = PBXBuildFile; fileRef = 3AB934252ABD38B400B585E0 /* Response.swift */; };
		3ABF8CD32ABB53E000B846AE /* TranslationCell.swift in Sources */ = {isa = PBXBuildFile; fileRef = 3ABF8CD22ABB53E000B846AE /* TranslationCell.swift */; };
/* End PBXBuildFile section */

/* Begin PBXFileReference section */
		3A540C452AB46DFF009AF9E7 /* TranslateMate.app */ = {isa = PBXFileReference; explicitFileType = wrapper.application; includeInIndex = 0; path = TranslateMate.app; sourceTree = BUILT_PRODUCTS_DIR; };
		3A540C482AB46DFF009AF9E7 /* AppDelegate.swift */ = {isa = PBXFileReference; lastKnownFileType = sourcecode.swift; path = AppDelegate.swift; sourceTree = "<group>"; };
		3A540C4A2AB46DFF009AF9E7 /* SceneDelegate.swift */ = {isa = PBXFileReference; lastKnownFileType = sourcecode.swift; path = SceneDelegate.swift; sourceTree = "<group>"; };
		3A540C512AB46E00009AF9E7 /* Assets.xcassets */ = {isa = PBXFileReference; lastKnownFileType = folder.assetcatalog; path = Assets.xcassets; sourceTree = "<group>"; };
		3A540C542AB46E00009AF9E7 /* Base */ = {isa = PBXFileReference; lastKnownFileType = file.storyboard; name = Base; path = Base.lproj/LaunchScreen.storyboard; sourceTree = "<group>"; };
		3A540C562AB46E00009AF9E7 /* Info.plist */ = {isa = PBXFileReference; lastKnownFileType = text.plist.xml; path = Info.plist; sourceTree = "<group>"; };
		3A540C622AB483EB009AF9E7 /* VoiceVC.swift */ = {isa = PBXFileReference; lastKnownFileType = sourcecode.swift; path = VoiceVC.swift; sourceTree = "<group>"; };
		3A55E8B72ABB3B04008E8EA1 /* ViewManager.swift */ = {isa = PBXFileReference; lastKnownFileType = sourcecode.swift; path = ViewManager.swift; sourceTree = "<group>"; };
		3AA2E9362AB56F94007AB9EF /* MainTabBar.swift */ = {isa = PBXFileReference; lastKnownFileType = sourcecode.swift; path = MainTabBar.swift; sourceTree = "<group>"; };
		3AA2E9382AB5719B007AB9EF /* TypeVC.swift */ = {isa = PBXFileReference; lastKnownFileType = sourcecode.swift; path = TypeVC.swift; sourceTree = "<group>"; };
		3AA2E93A2AB59E8C007AB9EF /* VoiceManager.swift */ = {isa = PBXFileReference; lastKnownFileType = sourcecode.swift; path = VoiceManager.swift; sourceTree = "<group>"; };
		3AA2E93C2AB5B2D2007AB9EF /* APIManager.swift */ = {isa = PBXFileReference; lastKnownFileType = sourcecode.swift; path = APIManager.swift; sourceTree = "<group>"; };
		3AA2E9642AB8C5CB007AB9EF /* DataManager.swift */ = {isa = PBXFileReference; lastKnownFileType = sourcecode.swift; path = DataManager.swift; sourceTree = "<group>"; };
		3AB934202ABC8E2400B585E0 /* Language.swift */ = {isa = PBXFileReference; lastKnownFileType = sourcecode.swift; path = Language.swift; sourceTree = "<group>"; };
		3AB934222ABC8E3D00B585E0 /* Translation.swift */ = {isa = PBXFileReference; lastKnownFileType = sourcecode.swift; path = Translation.swift; sourceTree = "<group>"; };
		3AB934252ABD38B400B585E0 /* Response.swift */ = {isa = PBXFileReference; lastKnownFileType = sourcecode.swift; path = Response.swift; sourceTree = "<group>"; };
		3ABF8CD22ABB53E000B846AE /* TranslationCell.swift */ = {isa = PBXFileReference; lastKnownFileType = sourcecode.swift; path = TranslationCell.swift; sourceTree = "<group>"; };
/* End PBXFileReference section */

/* Begin PBXFrameworksBuildPhase section */
		3A540C422AB46DFF009AF9E7 /* Frameworks */ = {
			isa = PBXFrameworksBuildPhase;
			buildActionMask = 2147483647;
			files = (
			);
			runOnlyForDeploymentPostprocessing = 0;
		};
/* End PBXFrameworksBuildPhase section */

/* Begin PBXGroup section */
		3A540C3C2AB46DFF009AF9E7 = {
			isa = PBXGroup;
			children = (
				3A540C472AB46DFF009AF9E7 /* TranslateMate */,
				3A540C462AB46DFF009AF9E7 /* Products */,
			);
			sourceTree = "<group>";
		};
		3A540C462AB46DFF009AF9E7 /* Products */ = {
			isa = PBXGroup;
			children = (
				3A540C452AB46DFF009AF9E7 /* TranslateMate.app */,
			);
			name = Products;
			sourceTree = "<group>";
		};
		3A540C472AB46DFF009AF9E7 /* TranslateMate */ = {
			isa = PBXGroup;
			children = (
				3AB934242ABD38A700B585E0 /* Models */,
				3AB9341F2ABC8E0D00B585E0 /* ViewModels */,
				3A540C5F2AB46E70009AF9E7 /* Managers */,
				3A540C5E2AB46E64009AF9E7 /* Views */,
				3A540C5C2AB46E36009AF9E7 /* Delegates */,
				3A540C5D2AB46E4E009AF9E7 /* Assets&Media */,
				3A540C562AB46E00009AF9E7 /* Info.plist */,
			);
			path = TranslateMate;
			sourceTree = "<group>";
		};
		3A540C5C2AB46E36009AF9E7 /* Delegates */ = {
			isa = PBXGroup;
			children = (
				3A540C482AB46DFF009AF9E7 /* AppDelegate.swift */,
				3A540C4A2AB46DFF009AF9E7 /* SceneDelegate.swift */,
			);
			path = Delegates;
			sourceTree = "<group>";
		};
		3A540C5D2AB46E4E009AF9E7 /* Assets&Media */ = {
			isa = PBXGroup;
			children = (
				3A540C512AB46E00009AF9E7 /* Assets.xcassets */,
				3A540C532AB46E00009AF9E7 /* LaunchScreen.storyboard */,
			);
			path = "Assets&Media";
			sourceTree = "<group>";
		};
		3A540C5E2AB46E64009AF9E7 /* Views */ = {
			isa = PBXGroup;
			children = (
				3ABF8CD12ABB53D000B846AE /* Cells */,
				3A540C622AB483EB009AF9E7 /* VoiceVC.swift */,
				3AA2E9362AB56F94007AB9EF /* MainTabBar.swift */,
				3AA2E9382AB5719B007AB9EF /* TypeVC.swift */,
			);
			path = Views;
			sourceTree = "<group>";
		};
		3A540C5F2AB46E70009AF9E7 /* Managers */ = {
			isa = PBXGroup;
			children = (
				3AA2E93A2AB59E8C007AB9EF /* VoiceManager.swift */,
				3AA2E93C2AB5B2D2007AB9EF /* APIManager.swift */,
				3AA2E9642AB8C5CB007AB9EF /* DataManager.swift */,
				3A55E8B72ABB3B04008E8EA1 /* ViewManager.swift */,
			);
			path = Managers;
			sourceTree = "<group>";
		};
		3AB9341F2ABC8E0D00B585E0 /* ViewModels */ = {
			isa = PBXGroup;
			children = (
				3AB934202ABC8E2400B585E0 /* Language.swift */,
				3AB934222ABC8E3D00B585E0 /* Translation.swift */,
			);
			path = ViewModels;
			sourceTree = "<group>";
		};
		3AB934242ABD38A700B585E0 /* Models */ = {
			isa = PBXGroup;
			children = (
				3AB934252ABD38B400B585E0 /* Response.swift */,
			);
			path = Models;
			sourceTree = "<group>";
		};
		3ABF8CD12ABB53D000B846AE /* Cells */ = {
			isa = PBXGroup;
			children = (
				3ABF8CD22ABB53E000B846AE /* TranslationCell.swift */,
			);
			path = Cells;
			sourceTree = "<group>";
		};
/* End PBXGroup section */

/* Begin PBXNativeTarget section */
		3A540C442AB46DFF009AF9E7 /* TranslateMate */ = {
			isa = PBXNativeTarget;
			buildConfigurationList = 3A540C592AB46E00009AF9E7 /* Build configuration list for PBXNativeTarget "TranslateMate" */;
			buildPhases = (
				3A540C412AB46DFF009AF9E7 /* Sources */,
				3A540C422AB46DFF009AF9E7 /* Frameworks */,
				3A540C432AB46DFF009AF9E7 /* Resources */,
			);
			buildRules = (
			);
			dependencies = (
			);
			name = TranslateMate;
			productName = TranslateMate;
			productReference = 3A540C452AB46DFF009AF9E7 /* TranslateMate.app */;
			productType = "com.apple.product-type.application";
		};
/* End PBXNativeTarget section */

/* Begin PBXProject section */
		3A540C3D2AB46DFF009AF9E7 /* Project object */ = {
			isa = PBXProject;
			attributes = {
				BuildIndependentTargetsInParallel = 1;
				LastSwiftUpdateCheck = 1430;
				LastUpgradeCheck = 1430;
				TargetAttributes = {
					3A540C442AB46DFF009AF9E7 = {
						CreatedOnToolsVersion = 14.3.1;
					};
				};
			};
			buildConfigurationList = 3A540C402AB46DFF009AF9E7 /* Build configuration list for PBXProject "TranslateMate" */;
			compatibilityVersion = "Xcode 14.0";
			developmentRegion = en;
			hasScannedForEncodings = 0;
			knownRegions = (
				en,
				Base,
			);
			mainGroup = 3A540C3C2AB46DFF009AF9E7;
			productRefGroup = 3A540C462AB46DFF009AF9E7 /* Products */;
			projectDirPath = "";
			projectRoot = "";
			targets = (
				3A540C442AB46DFF009AF9E7 /* TranslateMate */,
			);
		};
/* End PBXProject section */

/* Begin PBXResourcesBuildPhase section */
		3A540C432AB46DFF009AF9E7 /* Resources */ = {
			isa = PBXResourcesBuildPhase;
			buildActionMask = 2147483647;
			files = (
				3A540C552AB46E00009AF9E7 /* LaunchScreen.storyboard in Resources */,
				3A540C522AB46E00009AF9E7 /* Assets.xcassets in Resources */,
			);
			runOnlyForDeploymentPostprocessing = 0;
		};
/* End PBXResourcesBuildPhase section */

/* Begin PBXSourcesBuildPhase section */
		3A540C412AB46DFF009AF9E7 /* Sources */ = {
			isa = PBXSourcesBuildPhase;
			buildActionMask = 2147483647;
			files = (
				3AA2E93D2AB5B2D2007AB9EF /* APIManager.swift in Sources */,
				3A540C492AB46DFF009AF9E7 /* AppDelegate.swift in Sources */,
				3A55E8B82ABB3B04008E8EA1 /* ViewManager.swift in Sources */,
				3ABF8CD32ABB53E000B846AE /* TranslationCell.swift in Sources */,
				3A540C4B2AB46DFF009AF9E7 /* SceneDelegate.swift in Sources */,
				3AA2E9372AB56F94007AB9EF /* MainTabBar.swift in Sources */,
				3AB934262ABD38B400B585E0 /* Response.swift in Sources */,
				3AA2E9392AB5719B007AB9EF /* TypeVC.swift in Sources */,
				3A540C632AB483EB009AF9E7 /* VoiceVC.swift in Sources */,
				3AA2E9652AB8C5CB007AB9EF /* DataManager.swift in Sources */,
				3AA2E93B2AB59E8C007AB9EF /* VoiceManager.swift in Sources */,
				3AB934212ABC8E2400B585E0 /* Language.swift in Sources */,
				3AB934232ABC8E3D00B585E0 /* Translation.swift in Sources */,
			);
			runOnlyForDeploymentPostprocessing = 0;
		};
/* End PBXSourcesBuildPhase section */

/* Begin PBXVariantGroup section */
		3A540C532AB46E00009AF9E7 /* LaunchScreen.storyboard */ = {
			isa = PBXVariantGroup;
			children = (
				3A540C542AB46E00009AF9E7 /* Base */,
			);
			name = LaunchScreen.storyboard;
			sourceTree = "<group>";
		};
/* End PBXVariantGroup section */

/* Begin XCBuildConfiguration section */
		3A540C572AB46E00009AF9E7 /* Debug */ = {
			isa = XCBuildConfiguration;
			buildSettings = {
				ALWAYS_SEARCH_USER_PATHS = NO;
				CLANG_ANALYZER_NONNULL = YES;
				CLANG_ANALYZER_NUMBER_OBJECT_CONVERSION = YES_AGGRESSIVE;
				CLANG_CXX_LANGUAGE_STANDARD = "gnu++20";
				CLANG_ENABLE_MODULES = YES;
				CLANG_ENABLE_OBJC_ARC = YES;
				CLANG_ENABLE_OBJC_WEAK = YES;
				CLANG_WARN_BLOCK_CAPTURE_AUTORELEASING = YES;
				CLANG_WARN_BOOL_CONVERSION = YES;
				CLANG_WARN_COMMA = YES;
				CLANG_WARN_CONSTANT_CONVERSION = YES;
				CLANG_WARN_DEPRECATED_OBJC_IMPLEMENTATIONS = YES;
				CLANG_WARN_DIRECT_OBJC_ISA_USAGE = YES_ERROR;
				CLANG_WARN_DOCUMENTATION_COMMENTS = YES;
				CLANG_WARN_EMPTY_BODY = YES;
				CLANG_WARN_ENUM_CONVERSION = YES;
				CLANG_WARN_INFINITE_RECURSION = YES;
				CLANG_WARN_INT_CONVERSION = YES;
				CLANG_WARN_NON_LITERAL_NULL_CONVERSION = YES;
				CLANG_WARN_OBJC_IMPLICIT_RETAIN_SELF = YES;
				CLANG_WARN_OBJC_LITERAL_CONVERSION = YES;
				CLANG_WARN_OBJC_ROOT_CLASS = YES_ERROR;
				CLANG_WARN_QUOTED_INCLUDE_IN_FRAMEWORK_HEADER = YES;
				CLANG_WARN_RANGE_LOOP_ANALYSIS = YES;
				CLANG_WARN_STRICT_PROTOTYPES = YES;
				CLANG_WARN_SUSPICIOUS_MOVE = YES;
				CLANG_WARN_UNGUARDED_AVAILABILITY = YES_AGGRESSIVE;
				CLANG_WARN_UNREACHABLE_CODE = YES;
				CLANG_WARN__DUPLICATE_METHOD_MATCH = YES;
				COPY_PHASE_STRIP = NO;
				DEBUG_INFORMATION_FORMAT = dwarf;
				ENABLE_STRICT_OBJC_MSGSEND = YES;
				ENABLE_TESTABILITY = YES;
				GCC_C_LANGUAGE_STANDARD = gnu11;
				GCC_DYNAMIC_NO_PIC = NO;
				GCC_NO_COMMON_BLOCKS = YES;
				GCC_OPTIMIZATION_LEVEL = 0;
				GCC_PREPROCESSOR_DEFINITIONS = (
					"DEBUG=1",
					"$(inherited)",
				);
				GCC_WARN_64_TO_32_BIT_CONVERSION = YES;
				GCC_WARN_ABOUT_RETURN_TYPE = YES_ERROR;
				GCC_WARN_UNDECLARED_SELECTOR = YES;
				GCC_WARN_UNINITIALIZED_AUTOS = YES_AGGRESSIVE;
				GCC_WARN_UNUSED_FUNCTION = YES;
				GCC_WARN_UNUSED_VARIABLE = YES;
				IPHONEOS_DEPLOYMENT_TARGET = 16.4;
				MTL_ENABLE_DEBUG_INFO = INCLUDE_SOURCE;
				MTL_FAST_MATH = YES;
				ONLY_ACTIVE_ARCH = YES;
				SDKROOT = iphoneos;
				SWIFT_ACTIVE_COMPILATION_CONDITIONS = DEBUG;
				SWIFT_OPTIMIZATION_LEVEL = "-Onone";
			};
			name = Debug;
		};
		3A540C582AB46E00009AF9E7 /* Release */ = {
			isa = XCBuildConfiguration;
			buildSettings = {
				ALWAYS_SEARCH_USER_PATHS = NO;
				CLANG_ANALYZER_NONNULL = YES;
				CLANG_ANALYZER_NUMBER_OBJECT_CONVERSION = YES_AGGRESSIVE;
				CLANG_CXX_LANGUAGE_STANDARD = "gnu++20";
				CLANG_ENABLE_MODULES = YES;
				CLANG_ENABLE_OBJC_ARC = YES;
				CLANG_ENABLE_OBJC_WEAK = YES;
				CLANG_WARN_BLOCK_CAPTURE_AUTORELEASING = YES;
				CLANG_WARN_BOOL_CONVERSION = YES;
				CLANG_WARN_COMMA = YES;
				CLANG_WARN_CONSTANT_CONVERSION = YES;
				CLANG_WARN_DEPRECATED_OBJC_IMPLEMENTATIONS = YES;
				CLANG_WARN_DIRECT_OBJC_ISA_USAGE = YES_ERROR;
				CLANG_WARN_DOCUMENTATION_COMMENTS = YES;
				CLANG_WARN_EMPTY_BODY = YES;
				CLANG_WARN_ENUM_CONVERSION = YES;
				CLANG_WARN_INFINITE_RECURSION = YES;
				CLANG_WARN_INT_CONVERSION = YES;
				CLANG_WARN_NON_LITERAL_NULL_CONVERSION = YES;
				CLANG_WARN_OBJC_IMPLICIT_RETAIN_SELF = YES;
				CLANG_WARN_OBJC_LITERAL_CONVERSION = YES;
				CLANG_WARN_OBJC_ROOT_CLASS = YES_ERROR;
				CLANG_WARN_QUOTED_INCLUDE_IN_FRAMEWORK_HEADER = YES;
				CLANG_WARN_RANGE_LOOP_ANALYSIS = YES;
				CLANG_WARN_STRICT_PROTOTYPES = YES;
				CLANG_WARN_SUSPICIOUS_MOVE = YES;
				CLANG_WARN_UNGUARDED_AVAILABILITY = YES_AGGRESSIVE;
				CLANG_WARN_UNREACHABLE_CODE = YES;
				CLANG_WARN__DUPLICATE_METHOD_MATCH = YES;
				COPY_PHASE_STRIP = NO;
				DEBUG_INFORMATION_FORMAT = "dwarf-with-dsym";
				ENABLE_NS_ASSERTIONS = NO;
				ENABLE_STRICT_OBJC_MSGSEND = YES;
				GCC_C_LANGUAGE_STANDARD = gnu11;
				GCC_NO_COMMON_BLOCKS = YES;
				GCC_WARN_64_TO_32_BIT_CONVERSION = YES;
				GCC_WARN_ABOUT_RETURN_TYPE = YES_ERROR;
				GCC_WARN_UNDECLARED_SELECTOR = YES;
				GCC_WARN_UNINITIALIZED_AUTOS = YES_AGGRESSIVE;
				GCC_WARN_UNUSED_FUNCTION = YES;
				GCC_WARN_UNUSED_VARIABLE = YES;
				IPHONEOS_DEPLOYMENT_TARGET = 16.4;
				MTL_ENABLE_DEBUG_INFO = NO;
				MTL_FAST_MATH = YES;
				SDKROOT = iphoneos;
				SWIFT_COMPILATION_MODE = wholemodule;
				SWIFT_OPTIMIZATION_LEVEL = "-O";
				VALIDATE_PRODUCT = YES;
			};
			name = Release;
		};
		3A540C5A2AB46E00009AF9E7 /* Debug */ = {
			isa = XCBuildConfiguration;
			buildSettings = {
				ASSETCATALOG_COMPILER_APPICON_NAME = AppIcon;
				ASSETCATALOG_COMPILER_GLOBAL_ACCENT_COLOR_NAME = AccentColor;
				CODE_SIGN_STYLE = Automatic;
				CURRENT_PROJECT_VERSION = 1;
				DEVELOPMENT_TEAM = 3XJ9SSKA74;
				GENERATE_INFOPLIST_FILE = YES;
				INFOPLIST_FILE = TranslateMate/Info.plist;
				INFOPLIST_KEY_UIApplicationSupportsIndirectInputEvents = YES;
				INFOPLIST_KEY_UILaunchStoryboardName = LaunchScreen;
				INFOPLIST_KEY_UISupportedInterfaceOrientations_iPad = "UIInterfaceOrientationPortrait UIInterfaceOrientationPortraitUpsideDown UIInterfaceOrientationLandscapeLeft UIInterfaceOrientationLandscapeRight";
				INFOPLIST_KEY_UISupportedInterfaceOrientations_iPhone = "UIInterfaceOrientationPortrait UIInterfaceOrientationLandscapeLeft UIInterfaceOrientationLandscapeRight";
				LD_RUNPATH_SEARCH_PATHS = (
					"$(inherited)",
					"@executable_path/Frameworks",
				);
				MARKETING_VERSION = 1.0;
				PRODUCT_BUNDLE_IDENTIFIER = com.BasheerAbdulmalik.TranslateMate;
				PRODUCT_NAME = "$(TARGET_NAME)";
				SWIFT_EMIT_LOC_STRINGS = YES;
				SWIFT_VERSION = 5.0;
				TARGETED_DEVICE_FAMILY = "1,2";
			};
			name = Debug;
		};
		3A540C5B2AB46E00009AF9E7 /* Release */ = {
			isa = XCBuildConfiguration;
			buildSettings = {
				ASSETCATALOG_COMPILER_APPICON_NAME = AppIcon;
				ASSETCATALOG_COMPILER_GLOBAL_ACCENT_COLOR_NAME = AccentColor;
				CODE_SIGN_STYLE = Automatic;
				CURRENT_PROJECT_VERSION = 1;
				DEVELOPMENT_TEAM = 3XJ9SSKA74;
				GENERATE_INFOPLIST_FILE = YES;
				INFOPLIST_FILE = TranslateMate/Info.plist;
				INFOPLIST_KEY_UIApplicationSupportsIndirectInputEvents = YES;
				INFOPLIST_KEY_UILaunchStoryboardName = LaunchScreen;
				INFOPLIST_KEY_UISupportedInterfaceOrientations_iPad = "UIInterfaceOrientationPortrait UIInterfaceOrientationPortraitUpsideDown UIInterfaceOrientationLandscapeLeft UIInterfaceOrientationLandscapeRight";
				INFOPLIST_KEY_UISupportedInterfaceOrientations_iPhone = "UIInterfaceOrientationPortrait UIInterfaceOrientationLandscapeLeft UIInterfaceOrientationLandscapeRight";
				LD_RUNPATH_SEARCH_PATHS = (
					"$(inherited)",
					"@executable_path/Frameworks",
				);
				MARKETING_VERSION = 1.0;
				PRODUCT_BUNDLE_IDENTIFIER = com.BasheerAbdulmalik.TranslateMate;
				PRODUCT_NAME = "$(TARGET_NAME)";
				SWIFT_EMIT_LOC_STRINGS = YES;
				SWIFT_VERSION = 5.0;
				TARGETED_DEVICE_FAMILY = "1,2";
			};
			name = Release;
		};
/* End XCBuildConfiguration section */

/* Begin XCConfigurationList section */
		3A540C402AB46DFF009AF9E7 /* Build configuration list for PBXProject "TranslateMate" */ = {
			isa = XCConfigurationList;
			buildConfigurations = (
				3A540C572AB46E00009AF9E7 /* Debug */,
				3A540C582AB46E00009AF9E7 /* Release */,
			);
			defaultConfigurationIsVisible = 0;
			defaultConfigurationName = Release;
		};
		3A540C592AB46E00009AF9E7 /* Build configuration list for PBXNativeTarget "TranslateMate" */ = {
			isa = XCConfigurationList;
			buildConfigurations = (
				3A540C5A2AB46E00009AF9E7 /* Debug */,
				3A540C5B2AB46E00009AF9E7 /* Release */,
			);
			defaultConfigurationIsVisible = 0;
			defaultConfigurationName = Release;
		};
/* End XCConfigurationList section */
	};
	rootObject = 3A540C3D2AB46DFF009AF9E7 /* Project object */;
}
